
Microsoft Visual Studio Solution File, Format Version 12.00
# Visual Studio 2013
VisualStudioVersion = 12.0.40629.0
MinimumVisualStudioVersion = 10.0.40219.1
Project("{FAE04EC0-301F-11D3-BF4B-00C04F79EFBC}") = "CashMachine.Console", "CashMachine\CashMachine.Console.csproj", "{B1BCBBF7-5D63-4AE4-836B-210A84ABC3C4}"
EndProject
Project("{FAE04EC0-301F-11D3-BF4B-00C04F79EFBC}") = "CashMachine.UnitTests", "CashMachineUnitTests\CashMachine.UnitTests.csproj", "{7FE75EAB-CEDD-4E17-BA57-59F25232F0C2}"
EndProject
Project("{FAE04EC0-301F-11D3-BF4B-00C04F79EFBC}") = "CashMachine.Services", "CashMachine.Services\CashMachine.Services.csproj", "{6BBB094C-9CCD-49D1-A552-ABF88CF73A21}"
EndProject
Project("{FAE04EC0-301F-11D3-BF4B-00C04F79EFBC}") = "CashMachine.Entities", "CashMachine.Entities\CashMachine.Entities.csproj", "{48E2835F-33BA-4B0D-BF03-F4663E4FE544}"
EndProject
Global
	GlobalSection(SolutionConfigurationPlatforms) = preSolution
		Debug|Any CPU = Debug|Any CPU
		Release|Any CPU = Release|Any CPU
	EndGlobalSection
	GlobalSection(ProjectConfigurationPlatforms) = postSolution
		{B1BCBBF7-5D63-4AE4-836B-210A84ABC3C4}.Debug|Any CPU.ActiveCfg = Debug|Any CPU
		{B1BCBBF7-5D63-4AE4-836B-210A84ABC3C4}.Debug|Any CPU.Build.0 = Debug|Any CPU
		{B1BCBBF7-5D63-4AE4-836B-210A84ABC3C4}.Release|Any CPU.ActiveCfg = Release|Any CPU
		{B1BCBBF7-5D63-4AE4-836B-210A84ABC3C4}.Release|Any CPU.Build.0 = Release|Any CPU
		{7FE75EAB-CEDD-4E17-BA57-59F25232F0C2}.Debug|Any CPU.ActiveCfg = Debug|Any CPU
		{7FE75EAB-CEDD-4E17-BA57-59F25232F0C2}.Debug|Any CPU.Build.0 = Debug|Any CPU
		{7FE75EAB-CEDD-4E17-BA57-59F25232F0C2}.Release|Any CPU.ActiveCfg = Release|Any CPU
		{7FE75EAB-CEDD-4E17-BA57-59F25232F0C2}.Release|Any CPU.Build.0 = Release|Any CPU
		{6BBB094C-9CCD-49D1-A552-ABF88CF73A21}.Debug|Any CPU.ActiveCfg = Debug|Any CPU
		{6BBB094C-9CCD-49D1-A552-ABF88CF73A21}.Debug|Any CPU.Build.0 = Debug|Any CPU
		{6BBB094C-9CCD-49D1-A552-ABF88CF73A21}.Release|Any CPU.ActiveCfg = Release|Any CPU
		{6BBB094C-9CCD-49D1-A552-ABF88CF73A21}.Release|Any CPU.Build.0 = Release|Any CPU
		{48E2835F-33BA-4B0D-BF03-F4663E4FE544}.Debug|Any CPU.ActiveCfg = Debug|Any CPU
		{48E2835F-33BA-4B0D-BF03-F4663E4FE544}.Debug|Any CPU.Build.0 = Debug|Any CPU
		{48E2835F-33BA-4B0D-BF03-F4663E4FE544}.Release|Any CPU.ActiveCfg = Release|Any CPU
		{48E2835F-33BA-4B0D-BF03-F4663E4FE544}.Release|Any CPU.Build.0 = Release|Any CPU
	EndGlobalSection
	GlobalSection(SolutionProperties) = preSolution
		HideSolutionNode = FALSE
	EndGlobalSection
EndGlobal
